// !$*UTF8*$!
{
	archiveVersion = 1;
	classes = {
	};
	objectVersion = 56;
	objects = {

/* Begin PBXBuildFile section */
		A5B7BB7F29F8CDE900F50814 /* main.swift in Sources */ = {isa = PBXBuildFile; fileRef = A5B7BB7E29F8CDE900F50814 /* main.swift */; };
		A5B7BB8829F8D8E400F50814 /* Menu.swift in Sources */ = {isa = PBXBuildFile; fileRef = A5B7BB8729F8D8E400F50814 /* Menu.swift */; };
		A5B7BB8C29F8E67A00F50814 /* Enums.swift in Sources */ = {isa = PBXBuildFile; fileRef = A5B7BB8B29F8E67A00F50814 /* Enums.swift */; };
		A5B7BB9029F8EF0900F50814 /* Data.swift in Sources */ = {isa = PBXBuildFile; fileRef = A5B7BB8F29F8EF0900F50814 /* Data.swift */; };
/* End PBXBuildFile section */

/* Begin PBXCopyFilesBuildPhase section */
		A5B7BB7929F8CDE900F50814 /* CopyFiles */ = {
			isa = PBXCopyFilesBuildPhase;
			buildActionMask = 2147483647;
			dstPath = /usr/share/man/man1/;
			dstSubfolderSpec = 0;
			files = (
			);
			runOnlyForDeploymentPostprocessing = 1;
		};
/* End PBXCopyFilesBuildPhase section */

/* Begin PBXFileReference section */
		A5B7BB7B29F8CDE900F50814 /* MyCreditManager */ = {isa = PBXFileReference; explicitFileType = "compiled.mach-o.executable"; includeInIndex = 0; path = MyCreditManager; sourceTree = BUILT_PRODUCTS_DIR; };
		A5B7BB7E29F8CDE900F50814 /* main.swift */ = {isa = PBXFileReference; lastKnownFileType = sourcecode.swift; path = main.swift; sourceTree = "<group>"; };
		A5B7BB8729F8D8E400F50814 /* Menu.swift */ = {isa = PBXFileReference; lastKnownFileType = sourcecode.swift; path = Menu.swift; sourceTree = "<group>"; };
		A5B7BB8B29F8E67A00F50814 /* Enums.swift */ = {isa = PBXFileReference; lastKnownFileType = sourcecode.swift; path = Enums.swift; sourceTree = "<group>"; };
		A5B7BB8F29F8EF0900F50814 /* Data.swift */ = {isa = PBXFileReference; lastKnownFileType = sourcecode.swift; path = Data.swift; sourceTree = "<group>"; };
/* End PBXFileReference section */

/* Begin PBXFrameworksBuildPhase section */
		A5B7BB7829F8CDE900F50814 /* Frameworks */ = {
			isa = PBXFrameworksBuildPhase;
			buildActionMask = 2147483647;
			files = (
			);
			runOnlyForDeploymentPostprocessing = 0;
		};
/* End PBXFrameworksBuildPhase section */

/* Begin PBXGroup section */
		A5B7BB7229F8CDE900F50814 = {
			isa = PBXGroup;
			children = (
				A5B7BB7D29F8CDE900F50814 /* MyCreditManager */,
				A5B7BB7C29F8CDE900F50814 /* Products */,
			);
			sourceTree = "<group>";
		};
		A5B7BB7C29F8CDE900F50814 /* Products */ = {
			isa = PBXGroup;
			children = (
				A5B7BB7B29F8CDE900F50814 /* MyCreditManager */,
			);
			name = Products;
			sourceTree = "<group>";
		};
		A5B7BB7D29F8CDE900F50814 /* MyCreditManager */ = {
			isa = PBXGroup;
			children = (
				A5B7BB8D29F8EB3D00F50814 /* Enums */,
				A5B7BB8E29F8EEFB00F50814 /* Model */,
				A5B7BB9329F8FFAC00F50814 /* ViewModel */,
				A5B7BB7E29F8CDE900F50814 /* main.swift */,
			);
			path = MyCreditManager;
			sourceTree = "<group>";
		};
		A5B7BB8D29F8EB3D00F50814 /* Enums */ = {
			isa = PBXGroup;
			children = (
				A5B7BB8B29F8E67A00F50814 /* Enums.swift */,
			);
			path = Enums;
			sourceTree = "<group>";
		};
		A5B7BB8E29F8EEFB00F50814 /* Model */ = {
			isa = PBXGroup;
			children = (
				A5B7BB8F29F8EF0900F50814 /* Data.swift */,
			);
			path = Model;
			sourceTree = "<group>";
		};
		A5B7BB9329F8FFAC00F50814 /* ViewModel */ = {
			isa = PBXGroup;
			children = (
				A5B7BB8729F8D8E400F50814 /* Menu.swift */,
			);
			path = ViewModel;
			sourceTree = "<group>";
		};
/* End PBXGroup section */

/* Begin PBXNativeTarget section */
		A5B7BB7A29F8CDE900F50814 /* MyCreditManager */ = {
			isa = PBXNativeTarget;
			buildConfigurationList = A5B7BB8229F8CDE900F50814 /* Build configuration list for PBXNativeTarget "MyCreditManager" */;
			buildPhases = (
				A5B7BB7729F8CDE900F50814 /* Sources */,
				A5B7BB7829F8CDE900F50814 /* Frameworks */,
				A5B7BB7929F8CDE900F50814 /* CopyFiles */,
			);
			buildRules = (
			);
			dependencies = (
			);
			name = MyCreditManager;
			productName = MyCreditManager;
			productReference = A5B7BB7B29F8CDE900F50814 /* MyCreditManager */;
			productType = "com.apple.product-type.tool";
		};
/* End PBXNativeTarget section */

/* Begin PBXProject section */
		A5B7BB7329F8CDE900F50814 /* Project object */ = {
			isa = PBXProject;
			attributes = {
				BuildIndependentTargetsInParallel = 1;
				LastSwiftUpdateCheck = 1430;
				LastUpgradeCheck = 1430;
				TargetAttributes = {
					A5B7BB7A29F8CDE900F50814 = {
						CreatedOnToolsVersion = 14.3;
					};
				};
			};
			buildConfigurationList = A5B7BB7629F8CDE900F50814 /* Build configuration list for PBXProject "MyCreditManager" */;
			compatibilityVersion = "Xcode 14.0";
			developmentRegion = en;
			hasScannedForEncodings = 0;
			knownRegions = (
				en,
				Base,
			);
			mainGroup = A5B7BB7229F8CDE900F50814;
			productRefGroup = A5B7BB7C29F8CDE900F50814 /* Products */;
			projectDirPath = "";
			projectRoot = "";
			targets = (
				A5B7BB7A29F8CDE900F50814 /* MyCreditManager */,
			);
		};
/* End PBXProject section */

/* Begin PBXSourcesBuildPhase section */
		A5B7BB7729F8CDE900F50814 /* Sources */ = {
			isa = PBXSourcesBuildPhase;
			buildActionMask = 2147483647;
			files = (
				A5B7BB8829F8D8E400F50814 /* Menu.swift in Sources */,
				A5B7BB8C29F8E67A00F50814 /* Enums.swift in Sources */,
				A5B7BB7F29F8CDE900F50814 /* main.swift in Sources */,
				A5B7BB9029F8EF0900F50814 /* Data.swift in Sources */,
			);
			runOnlyForDeploymentPostprocessing = 0;
		};
/* End PBXSourcesBuildPhase section */

/* Begin XCBuildConfiguration section */
		A5B7BB8029F8CDE900F50814 /* Debug */ = {
			isa = XCBuildConfiguration;
			buildSettings = {
				ALWAYS_SEARCH_USER_PATHS = NO;
				CLANG_ANALYZER_NONNULL = YES;
				CLANG_ANALYZER_NUMBER_OBJECT_CONVERSION = YES_AGGRESSIVE;
				CLANG_CXX_LANGUAGE_STANDARD = "gnu++20";
				CLANG_ENABLE_MODULES = YES;
				CLANG_ENABLE_OBJC_ARC = YES;
				CLANG_ENABLE_OBJC_WEAK = YES;
				CLANG_WARN_BLOCK_CAPTURE_AUTORELEASING = YES;
				CLANG_WARN_BOOL_CONVERSION = YES;
				CLANG_WARN_COMMA = YES;
				CLANG_WARN_CONSTANT_CONVERSION = YES;
				CLANG_WARN_DEPRECATED_OBJC_IMPLEMENTATIONS = YES;
				CLANG_WARN_DIRECT_OBJC_ISA_USAGE = YES_ERROR;
				CLANG_WARN_DOCUMENTATION_COMMENTS = YES;
				CLANG_WARN_EMPTY_BODY = YES;
				CLANG_WARN_ENUM_CONVERSION = YES;
				CLANG_WARN_INFINITE_RECURSION = YES;
				CLANG_WARN_INT_CONVERSION = YES;
				CLANG_WARN_NON_LITERAL_NULL_CONVERSION = YES;
				CLANG_WARN_OBJC_IMPLICIT_RETAIN_SELF = YES;
				CLANG_WARN_OBJC_LITERAL_CONVERSION = YES;
				CLANG_WARN_OBJC_ROOT_CLASS = YES_ERROR;
				CLANG_WARN_QUOTED_INCLUDE_IN_FRAMEWORK_HEADER = YES;
				CLANG_WARN_RANGE_LOOP_ANALYSIS = YES;
				CLANG_WARN_STRICT_PROTOTYPES = YES;
				CLANG_WARN_SUSPICIOUS_MOVE = YES;
				CLANG_WARN_UNGUARDED_AVAILABILITY = YES_AGGRESSIVE;
				CLANG_WARN_UNREACHABLE_CODE = YES;
				CLANG_WARN__DUPLICATE_METHOD_MATCH = YES;
				COPY_PHASE_STRIP = NO;
				DEBUG_INFORMATION_FORMAT = dwarf;
				ENABLE_STRICT_OBJC_MSGSEND = YES;
				ENABLE_TESTABILITY = YES;
				GCC_C_LANGUAGE_STANDARD = gnu11;
				GCC_DYNAMIC_NO_PIC = NO;
				GCC_NO_COMMON_BLOCKS = YES;
				GCC_OPTIMIZATION_LEVEL = 0;
				GCC_PREPROCESSOR_DEFINITIONS = (
					"DEBUG=1",
					"$(inherited)",
				);
				GCC_WARN_64_TO_32_BIT_CONVERSION = YES;
				GCC_WARN_ABOUT_RETURN_TYPE = YES_ERROR;
				GCC_WARN_UNDECLARED_SELECTOR = YES;
				GCC_WARN_UNINITIALIZED_AUTOS = YES_AGGRESSIVE;
				GCC_WARN_UNUSED_FUNCTION = YES;
				GCC_WARN_UNUSED_VARIABLE = YES;
				MACOSX_DEPLOYMENT_TARGET = 13.3;
				MTL_ENABLE_DEBUG_INFO = INCLUDE_SOURCE;
				MTL_FAST_MATH = YES;
				ONLY_ACTIVE_ARCH = YES;
				SDKROOT = macosx;
				SWIFT_ACTIVE_COMPILATION_CONDITIONS = DEBUG;
				SWIFT_OPTIMIZATION_LEVEL = "-Onone";
			};
			name = Debug;
		};
		A5B7BB8129F8CDE900F50814 /* Release */ = {
			isa = XCBuildConfiguration;
			buildSettings = {
				ALWAYS_SEARCH_USER_PATHS = NO;
				CLANG_ANALYZER_NONNULL = YES;
				CLANG_ANALYZER_NUMBER_OBJECT_CONVERSION = YES_AGGRESSIVE;
				CLANG_CXX_LANGUAGE_STANDARD = "gnu++20";
				CLANG_ENABLE_MODULES = YES;
				CLANG_ENABLE_OBJC_ARC = YES;
				CLANG_ENABLE_OBJC_WEAK = YES;
				CLANG_WARN_BLOCK_CAPTURE_AUTORELEASING = YES;
				CLANG_WARN_BOOL_CONVERSION = YES;
				CLANG_WARN_COMMA = YES;
				CLANG_WARN_CONSTANT_CONVERSION = YES;
				CLANG_WARN_DEPRECATED_OBJC_IMPLEMENTATIONS = YES;
				CLANG_WARN_DIRECT_OBJC_ISA_USAGE = YES_ERROR;
				CLANG_WARN_DOCUMENTATION_COMMENTS = YES;
				CLANG_WARN_EMPTY_BODY = YES;
				CLANG_WARN_ENUM_CONVERSION = YES;
				CLANG_WARN_INFINITE_RECURSION = YES;
				CLANG_WARN_INT_CONVERSION = YES;
				CLANG_WARN_NON_LITERAL_NULL_CONVERSION = YES;
				CLANG_WARN_OBJC_IMPLICIT_RETAIN_SELF = YES;
				CLANG_WARN_OBJC_LITERAL_CONVERSION = YES;
				CLANG_WARN_OBJC_ROOT_CLASS = YES_ERROR;
				CLANG_WARN_QUOTED_INCLUDE_IN_FRAMEWORK_HEADER = YES;
				CLANG_WARN_RANGE_LOOP_ANALYSIS = YES;
				CLANG_WARN_STRICT_PROTOTYPES = YES;
				CLANG_WARN_SUSPICIOUS_MOVE = YES;
				CLANG_WARN_UNGUARDED_AVAILABILITY = YES_AGGRESSIVE;
				CLANG_WARN_UNREACHABLE_CODE = YES;
				CLANG_WARN__DUPLICATE_METHOD_MATCH = YES;
				COPY_PHASE_STRIP = NO;
				DEBUG_INFORMATION_FORMAT = "dwarf-with-dsym";
				ENABLE_NS_ASSERTIONS = NO;
				ENABLE_STRICT_OBJC_MSGSEND = YES;
				GCC_C_LANGUAGE_STANDARD = gnu11;
				GCC_NO_COMMON_BLOCKS = YES;
				GCC_WARN_64_TO_32_BIT_CONVERSION = YES;
				GCC_WARN_ABOUT_RETURN_TYPE = YES_ERROR;
				GCC_WARN_UNDECLARED_SELECTOR = YES;
				GCC_WARN_UNINITIALIZED_AUTOS = YES_AGGRESSIVE;
				GCC_WARN_UNUSED_FUNCTION = YES;
				GCC_WARN_UNUSED_VARIABLE = YES;
				MACOSX_DEPLOYMENT_TARGET = 13.3;
				MTL_ENABLE_DEBUG_INFO = NO;
				MTL_FAST_MATH = YES;
				SDKROOT = macosx;
				SWIFT_COMPILATION_MODE = wholemodule;
				SWIFT_OPTIMIZATION_LEVEL = "-O";
			};
			name = Release;
		};
		A5B7BB8329F8CDE900F50814 /* Debug */ = {
			isa = XCBuildConfiguration;
			buildSettings = {
				"CODE_SIGN_IDENTITY[sdk=macosx*]" = "-";
				CODE_SIGN_STYLE = Automatic;
				DEVELOPMENT_TEAM = U27URF7CD4;
				ENABLE_HARDENED_RUNTIME = YES;
				PRODUCT_NAME = "$(TARGET_NAME)";
				SWIFT_VERSION = 5.0;
			};
			name = Debug;
		};
		A5B7BB8429F8CDE900F50814 /* Release */ = {
			isa = XCBuildConfiguration;
			buildSettings = {
				"CODE_SIGN_IDENTITY[sdk=macosx*]" = "-";
				CODE_SIGN_STYLE = Automatic;
				DEVELOPMENT_TEAM = U27URF7CD4;
				ENABLE_HARDENED_RUNTIME = YES;
				PRODUCT_NAME = "$(TARGET_NAME)";
				SWIFT_VERSION = 5.0;
			};
			name = Release;
		};
/* End XCBuildConfiguration section */

/* Begin XCConfigurationList section */
		A5B7BB7629F8CDE900F50814 /* Build configuration list for PBXProject "MyCreditManager" */ = {
			isa = XCConfigurationList;
			buildConfigurations = (
				A5B7BB8029F8CDE900F50814 /* Debug */,
				A5B7BB8129F8CDE900F50814 /* Release */,
			);
			defaultConfigurationIsVisible = 0;
			defaultConfigurationName = Release;
		};
		A5B7BB8229F8CDE900F50814 /* Build configuration list for PBXNativeTarget "MyCreditManager" */ = {
			isa = XCConfigurationList;
			buildConfigurations = (
				A5B7BB8329F8CDE900F50814 /* Debug */,
				A5B7BB8429F8CDE900F50814 /* Release */,
			);
			defaultConfigurationIsVisible = 0;
			defaultConfigurationName = Release;
		};
/* End XCConfigurationList section */
	};
	rootObject = A5B7BB7329F8CDE900F50814 /* Project object */;
}
